
Microsoft Visual Studio Solution File, Format Version 12.00
# Visual Studio 15
VisualStudioVersion = 15.0.26730.10
MinimumVisualStudioVersion = 10.0.40219.1
Project("{888888A0-9F3D-457C-B088-3A5042F75D52}") = "Nodis_Git", "Nodis_Git\Nodis_Git.pyproj", "{6246E89B-AC27-4BAC-BC3D-C6EB4078E1C0}"
EndProject
Global
	GlobalSection(SolutionConfigurationPlatforms) = preSolution
		Debug|Any CPU = Debug|Any CPU
		Release|Any CPU = Release|Any CPU
	EndGlobalSection
	GlobalSection(ProjectConfigurationPlatforms) = postSolution
		{6246E89B-AC27-4BAC-BC3D-C6EB4078E1C0}.Debug|Any CPU.ActiveCfg = Debug|Any CPU
		{6246E89B-AC27-4BAC-BC3D-C6EB4078E1C0}.Debug|Any CPU.Build.0 = Debug|Any CPU
		{6246E89B-AC27-4BAC-BC3D-C6EB4078E1C0}.Release|Any CPU.ActiveCfg = Release|Any CPU
		{6246E89B-AC27-4BAC-BC3D-C6EB4078E1C0}.Release|Any CPU.Build.0 = Release|Any CPU
	EndGlobalSection
	GlobalSection(SolutionProperties) = preSolution
		HideSolutionNode = FALSE
	EndGlobalSection
	GlobalSection(ExtensibilityGlobals) = postSolution
		SolutionGuid = {98170852-F786-46C6-B188-F7FA3C76106B}
	EndGlobalSection
EndGlobal
